// !$*UTF8*$!
{
	archiveVersion = 1;
	classes = {
	};
	objectVersion = 46;
	objects = {

/* Begin PBXBuildFile section */
		1F3076551DBECB8C00EE881C /* AppDelegate.swift in Sources */ = {isa = PBXBuildFile; fileRef = 1F3076541DBECB8C00EE881C /* AppDelegate.swift */; };
		1F3076571DBECB8C00EE881C /* ViewController.swift in Sources */ = {isa = PBXBuildFile; fileRef = 1F3076561DBECB8C00EE881C /* ViewController.swift */; };
		1F30765A1DBECB8C00EE881C /* Main.storyboard in Resources */ = {isa = PBXBuildFile; fileRef = 1F3076581DBECB8C00EE881C /* Main.storyboard */; };
		1F30765C1DBECB8C00EE881C /* Assets.xcassets in Resources */ = {isa = PBXBuildFile; fileRef = 1F30765B1DBECB8C00EE881C /* Assets.xcassets */; };
		1F30765F1DBECB8C00EE881C /* LaunchScreen.storyboard in Resources */ = {isa = PBXBuildFile; fileRef = 1F30765D1DBECB8C00EE881C /* LaunchScreen.storyboard */; };
		1F30766A1DBECB8C00EE881C /* isbnTests.swift in Sources */ = {isa = PBXBuildFile; fileRef = 1F3076691DBECB8C00EE881C /* isbnTests.swift */; };
		1F3076751DBECB8C00EE881C /* isbnUITests.swift in Sources */ = {isa = PBXBuildFile; fileRef = 1F3076741DBECB8C00EE881C /* isbnUITests.swift */; };
		1F3076831DBEF36300EE881C /* Default-568h@2x.png in Resources */ = {isa = PBXBuildFile; fileRef = 1F3076821DBEF36300EE881C /* Default-568h@2x.png */; };
		1F4F43F91DC55BCE00290C45 /* Library.png in Resources */ = {isa = PBXBuildFile; fileRef = 1F4F43F81DC55BCE00290C45 /* Library.png */; };
/* End PBXBuildFile section */

/* Begin PBXContainerItemProxy section */
		1F3076661DBECB8C00EE881C /* PBXContainerItemProxy */ = {
			isa = PBXContainerItemProxy;
			containerPortal = 1F3076491DBECB8C00EE881C /* Project object */;
			proxyType = 1;
			remoteGlobalIDString = 1F3076501DBECB8C00EE881C;
			remoteInfo = isbn;
		};
		1F3076711DBECB8C00EE881C /* PBXContainerItemProxy */ = {
			isa = PBXContainerItemProxy;
			containerPortal = 1F3076491DBECB8C00EE881C /* Project object */;
			proxyType = 1;
			remoteGlobalIDString = 1F3076501DBECB8C00EE881C;
			remoteInfo = isbn;
		};
/* End PBXContainerItemProxy section */

/* Begin PBXFileReference section */
		1F3076511DBECB8C00EE881C /* isbn.app */ = {isa = PBXFileReference; explicitFileType = wrapper.application; includeInIndex = 0; path = isbn.app; sourceTree = BUILT_PRODUCTS_DIR; };
		1F3076541DBECB8C00EE881C /* AppDelegate.swift */ = {isa = PBXFileReference; lastKnownFileType = sourcecode.swift; path = AppDelegate.swift; sourceTree = "<group>"; };
		1F3076561DBECB8C00EE881C /* ViewController.swift */ = {isa = PBXFileReference; lastKnownFileType = sourcecode.swift; path = ViewController.swift; sourceTree = "<group>"; };
		1F3076591DBECB8C00EE881C /* Base */ = {isa = PBXFileReference; lastKnownFileType = file.storyboard; name = Base; path = Base.lproj/Main.storyboard; sourceTree = "<group>"; };
		1F30765B1DBECB8C00EE881C /* Assets.xcassets */ = {isa = PBXFileReference; lastKnownFileType = folder.assetcatalog; path = Assets.xcassets; sourceTree = "<group>"; };
		1F30765E1DBECB8C00EE881C /* Base */ = {isa = PBXFileReference; lastKnownFileType = file.storyboard; name = Base; path = Base.lproj/LaunchScreen.storyboard; sourceTree = "<group>"; };
		1F3076601DBECB8C00EE881C /* Info.plist */ = {isa = PBXFileReference; lastKnownFileType = text.plist.xml; path = Info.plist; sourceTree = "<group>"; };
		1F3076651DBECB8C00EE881C /* isbnTests.xctest */ = {isa = PBXFileReference; explicitFileType = wrapper.cfbundle; includeInIndex = 0; path = isbnTests.xctest; sourceTree = BUILT_PRODUCTS_DIR; };
		1F3076691DBECB8C00EE881C /* isbnTests.swift */ = {isa = PBXFileReference; lastKnownFileType = sourcecode.swift; path = isbnTests.swift; sourceTree = "<group>"; };
		1F30766B1DBECB8C00EE881C /* Info.plist */ = {isa = PBXFileReference; lastKnownFileType = text.plist.xml; path = Info.plist; sourceTree = "<group>"; };
		1F3076701DBECB8C00EE881C /* isbnUITests.xctest */ = {isa = PBXFileReference; explicitFileType = wrapper.cfbundle; includeInIndex = 0; path = isbnUITests.xctest; sourceTree = BUILT_PRODUCTS_DIR; };
		1F3076741DBECB8C00EE881C /* isbnUITests.swift */ = {isa = PBXFileReference; lastKnownFileType = sourcecode.swift; path = isbnUITests.swift; sourceTree = "<group>"; };
		1F3076761DBECB8C00EE881C /* Info.plist */ = {isa = PBXFileReference; lastKnownFileType = text.plist.xml; path = Info.plist; sourceTree = "<group>"; };
		1F3076821DBEF36300EE881C /* Default-568h@2x.png */ = {isa = PBXFileReference; lastKnownFileType = image.png; path = "Default-568h@2x.png"; sourceTree = "<group>"; };
		1F4F43F81DC55BCE00290C45 /* Library.png */ = {isa = PBXFileReference; lastKnownFileType = image.png; path = Library.png; sourceTree = "<group>"; };
/* End PBXFileReference section */

/* Begin PBXFrameworksBuildPhase section */
		1F30764E1DBECB8C00EE881C /* Frameworks */ = {
			isa = PBXFrameworksBuildPhase;
			buildActionMask = 2147483647;
			files = (
			);
			runOnlyForDeploymentPostprocessing = 0;
		};
		1F3076621DBECB8C00EE881C /* Frameworks */ = {
			isa = PBXFrameworksBuildPhase;
			buildActionMask = 2147483647;
			files = (
			);
			runOnlyForDeploymentPostprocessing = 0;
		};
		1F30766D1DBECB8C00EE881C /* Frameworks */ = {
			isa = PBXFrameworksBuildPhase;
			buildActionMask = 2147483647;
			files = (
			);
			runOnlyForDeploymentPostprocessing = 0;
		};
/* End PBXFrameworksBuildPhase section */

/* Begin PBXGroup section */
		1F3076481DBECB8C00EE881C = {
			isa = PBXGroup;
			children = (
				1F3076821DBEF36300EE881C /* Default-568h@2x.png */,
				1F3076531DBECB8C00EE881C /* isbn */,
				1F3076681DBECB8C00EE881C /* isbnTests */,
				1F3076731DBECB8C00EE881C /* isbnUITests */,
				1F3076521DBECB8C00EE881C /* Products */,
			);
			sourceTree = "<group>";
		};
		1F3076521DBECB8C00EE881C /* Products */ = {
			isa = PBXGroup;
			children = (
				1F3076511DBECB8C00EE881C /* isbn.app */,
				1F3076651DBECB8C00EE881C /* isbnTests.xctest */,
				1F3076701DBECB8C00EE881C /* isbnUITests.xctest */,
			);
			name = Products;
			sourceTree = "<group>";
		};
		1F3076531DBECB8C00EE881C /* isbn */ = {
			isa = PBXGroup;
			children = (
				1F4F43F81DC55BCE00290C45 /* Library.png */,
				1F3076541DBECB8C00EE881C /* AppDelegate.swift */,
				1F3076561DBECB8C00EE881C /* ViewController.swift */,
				1F3076581DBECB8C00EE881C /* Main.storyboard */,
				1F30765B1DBECB8C00EE881C /* Assets.xcassets */,
				1F30765D1DBECB8C00EE881C /* LaunchScreen.storyboard */,
				1F3076601DBECB8C00EE881C /* Info.plist */,
			);
			path = isbn;
			sourceTree = "<group>";
		};
		1F3076681DBECB8C00EE881C /* isbnTests */ = {
			isa = PBXGroup;
			children = (
				1F3076691DBECB8C00EE881C /* isbnTests.swift */,
				1F30766B1DBECB8C00EE881C /* Info.plist */,
			);
			path = isbnTests;
			sourceTree = "<group>";
		};
		1F3076731DBECB8C00EE881C /* isbnUITests */ = {
			isa = PBXGroup;
			children = (
				1F3076741DBECB8C00EE881C /* isbnUITests.swift */,
				1F3076761DBECB8C00EE881C /* Info.plist */,
			);
			path = isbnUITests;
			sourceTree = "<group>";
		};
/* End PBXGroup section */

/* Begin PBXNativeTarget section */
		1F3076501DBECB8C00EE881C /* isbn */ = {
			isa = PBXNativeTarget;
			buildConfigurationList = 1F3076791DBECB8C00EE881C /* Build configuration list for PBXNativeTarget "isbn" */;
			buildPhases = (
				1F30764D1DBECB8C00EE881C /* Sources */,
				1F30764E1DBECB8C00EE881C /* Frameworks */,
				1F30764F1DBECB8C00EE881C /* Resources */,
			);
			buildRules = (
			);
			dependencies = (
			);
			name = isbn;
			productName = isbn;
			productReference = 1F3076511DBECB8C00EE881C /* isbn.app */;
			productType = "com.apple.product-type.application";
		};
		1F3076641DBECB8C00EE881C /* isbnTests */ = {
			isa = PBXNativeTarget;
			buildConfigurationList = 1F30767C1DBECB8C00EE881C /* Build configuration list for PBXNativeTarget "isbnTests" */;
			buildPhases = (
				1F3076611DBECB8C00EE881C /* Sources */,
				1F3076621DBECB8C00EE881C /* Frameworks */,
				1F3076631DBECB8C00EE881C /* Resources */,
			);
			buildRules = (
			);
			dependencies = (
				1F3076671DBECB8C00EE881C /* PBXTargetDependency */,
			);
			name = isbnTests;
			productName = isbnTests;
			productReference = 1F3076651DBECB8C00EE881C /* isbnTests.xctest */;
			productType = "com.apple.product-type.bundle.unit-test";
		};
		1F30766F1DBECB8C00EE881C /* isbnUITests */ = {
			isa = PBXNativeTarget;
			buildConfigurationList = 1F30767F1DBECB8C00EE881C /* Build configuration list for PBXNativeTarget "isbnUITests" */;
			buildPhases = (
				1F30766C1DBECB8C00EE881C /* Sources */,
				1F30766D1DBECB8C00EE881C /* Frameworks */,
				1F30766E1DBECB8C00EE881C /* Resources */,
			);
			buildRules = (
			);
			dependencies = (
				1F3076721DBECB8C00EE881C /* PBXTargetDependency */,
			);
			name = isbnUITests;
			productName = isbnUITests;
			productReference = 1F3076701DBECB8C00EE881C /* isbnUITests.xctest */;
			productType = "com.apple.product-type.bundle.ui-testing";
		};
/* End PBXNativeTarget section */

/* Begin PBXProject section */
		1F3076491DBECB8C00EE881C /* Project object */ = {
			isa = PBXProject;
			attributes = {
				LastSwiftUpdateCheck = 0800;
				LastUpgradeCheck = 0800;
				ORGANIZATIONNAME = "Cecilia de la Paz Villarreal Cavazos";
				TargetAttributes = {
					1F3076501DBECB8C00EE881C = {
						CreatedOnToolsVersion = 8.0;
						ProvisioningStyle = Automatic;
					};
					1F3076641DBECB8C00EE881C = {
						CreatedOnToolsVersion = 8.0;
						ProvisioningStyle = Automatic;
						TestTargetID = 1F3076501DBECB8C00EE881C;
					};
					1F30766F1DBECB8C00EE881C = {
						CreatedOnToolsVersion = 8.0;
						ProvisioningStyle = Automatic;
						TestTargetID = 1F3076501DBECB8C00EE881C;
					};
				};
			};
			buildConfigurationList = 1F30764C1DBECB8C00EE881C /* Build configuration list for PBXProject "isbn" */;
			compatibilityVersion = "Xcode 3.2";
			developmentRegion = English;
			hasScannedForEncodings = 0;
			knownRegions = (
				en,
				Base,
			);
			mainGroup = 1F3076481DBECB8C00EE881C;
			productRefGroup = 1F3076521DBECB8C00EE881C /* Products */;
			projectDirPath = "";
			projectRoot = "";
			targets = (
				1F3076501DBECB8C00EE881C /* isbn */,
				1F3076641DBECB8C00EE881C /* isbnTests */,
				1F30766F1DBECB8C00EE881C /* isbnUITests */,
			);
		};
/* End PBXProject section */

/* Begin PBXResourcesBuildPhase section */
		1F30764F1DBECB8C00EE881C /* Resources */ = {
			isa = PBXResourcesBuildPhase;
			buildActionMask = 2147483647;
			files = (
				1F30765F1DBECB8C00EE881C /* LaunchScreen.storyboard in Resources */,
				1F4F43F91DC55BCE00290C45 /* Library.png in Resources */,
				1F3076831DBEF36300EE881C /* Default-568h@2x.png in Resources */,
				1F30765C1DBECB8C00EE881C /* Assets.xcassets in Resources */,
				1F30765A1DBECB8C00EE881C /* Main.storyboard in Resources */,
			);
			runOnlyForDeploymentPostprocessing = 0;
		};
		1F3076631DBECB8C00EE881C /* Resources */ = {
			isa = PBXResourcesBuildPhase;
			buildActionMask = 2147483647;
			files = (
			);
			runOnlyForDeploymentPostprocessing = 0;
		};
		1F30766E1DBECB8C00EE881C /* Resources */ = {
			isa = PBXResourcesBuildPhase;
			buildActionMask = 2147483647;
			files = (
			);
			runOnlyForDeploymentPostprocessing = 0;
		};
/* End PBXResourcesBuildPhase section */

/* Begin PBXSourcesBuildPhase section */
		1F30764D1DBECB8C00EE881C /* Sources */ = {
			isa = PBXSourcesBuildPhase;
			buildActionMask = 2147483647;
			files = (
				1F3076571DBECB8C00EE881C /* ViewController.swift in Sources */,
				1F3076551DBECB8C00EE881C /* AppDelegate.swift in Sources */,
			);
			runOnlyForDeploymentPostprocessing = 0;
		};
		1F3076611DBECB8C00EE881C /* Sources */ = {
			isa = PBXSourcesBuildPhase;
			buildActionMask = 2147483647;
			files = (
				1F30766A1DBECB8C00EE881C /* isbnTests.swift in Sources */,
			);
			runOnlyForDeploymentPostprocessing = 0;
		};
		1F30766C1DBECB8C00EE881C /* Sources */ = {
			isa = PBXSourcesBuildPhase;
			buildActionMask = 2147483647;
			files = (
				1F3076751DBECB8C00EE881C /* isbnUITests.swift in Sources */,
			);
			runOnlyForDeploymentPostprocessing = 0;
		};
/* End PBXSourcesBuildPhase section */

/* Begin PBXTargetDependency section */
		1F3076671DBECB8C00EE881C /* PBXTargetDependency */ = {
			isa = PBXTargetDependency;
			target = 1F3076501DBECB8C00EE881C /* isbn */;
			targetProxy = 1F3076661DBECB8C00EE881C /* PBXContainerItemProxy */;
		};
		1F3076721DBECB8C00EE881C /* PBXTargetDependency */ = {
			isa = PBXTargetDependency;
			target = 1F3076501DBECB8C00EE881C /* isbn */;
			targetProxy = 1F3076711DBECB8C00EE881C /* PBXContainerItemProxy */;
		};
/* End PBXTargetDependency section */

/* Begin PBXVariantGroup section */
		1F3076581DBECB8C00EE881C /* Main.storyboard */ = {
			isa = PBXVariantGroup;
			children = (
				1F3076591DBECB8C00EE881C /* Base */,
			);
			name = Main.storyboard;
			sourceTree = "<group>";
		};
		1F30765D1DBECB8C00EE881C /* LaunchScreen.storyboard */ = {
			isa = PBXVariantGroup;
			children = (
				1F30765E1DBECB8C00EE881C /* Base */,
			);
			name = LaunchScreen.storyboard;
			sourceTree = "<group>";
		};
/* End PBXVariantGroup section */

/* Begin XCBuildConfiguration section */
		1F3076771DBECB8C00EE881C /* Debug */ = {
			isa = XCBuildConfiguration;
			buildSettings = {
				ALWAYS_SEARCH_USER_PATHS = NO;
				CLANG_ANALYZER_NONNULL = YES;
				CLANG_CXX_LANGUAGE_STANDARD = "gnu++0x";
				CLANG_CXX_LIBRARY = "libc++";
				CLANG_ENABLE_MODULES = YES;
				CLANG_ENABLE_OBJC_ARC = YES;
				CLANG_WARN_BOOL_CONVERSION = YES;
				CLANG_WARN_CONSTANT_CONVERSION = YES;
				CLANG_WARN_DIRECT_OBJC_ISA_USAGE = YES_ERROR;
				CLANG_WARN_DOCUMENTATION_COMMENTS = YES;
				CLANG_WARN_EMPTY_BODY = YES;
				CLANG_WARN_ENUM_CONVERSION = YES;
				CLANG_WARN_INFINITE_RECURSION = YES;
				CLANG_WARN_INT_CONVERSION = YES;
				CLANG_WARN_OBJC_ROOT_CLASS = YES_ERROR;
				CLANG_WARN_SUSPICIOUS_MOVES = YES;
				CLANG_WARN_UNREACHABLE_CODE = YES;
				CLANG_WARN__DUPLICATE_METHOD_MATCH = YES;
				"CODE_SIGN_IDENTITY[sdk=iphoneos*]" = "iPhone Developer";
				COPY_PHASE_STRIP = NO;
				DEBUG_INFORMATION_FORMAT = dwarf;
				ENABLE_STRICT_OBJC_MSGSEND = YES;
				ENABLE_TESTABILITY = YES;
				GCC_C_LANGUAGE_STANDARD = gnu99;
				GCC_DYNAMIC_NO_PIC = NO;
				GCC_NO_COMMON_BLOCKS = YES;
				GCC_OPTIMIZATION_LEVEL = 0;
				GCC_PREPROCESSOR_DEFINITIONS = (
					"DEBUG=1",
					"$(inherited)",
				);
				GCC_WARN_64_TO_32_BIT_CONVERSION = YES;
				GCC_WARN_ABOUT_RETURN_TYPE = YES_ERROR;
				GCC_WARN_UNDECLARED_SELECTOR = YES;
				GCC_WARN_UNINITIALIZED_AUTOS = YES_AGGRESSIVE;
				GCC_WARN_UNUSED_FUNCTION = YES;
				GCC_WARN_UNUSED_VARIABLE = YES;
				IPHONEOS_DEPLOYMENT_TARGET = 10.0;
				MTL_ENABLE_DEBUG_INFO = YES;
				ONLY_ACTIVE_ARCH = YES;
				SDKROOT = iphoneos;
				SWIFT_ACTIVE_COMPILATION_CONDITIONS = DEBUG;
				SWIFT_OPTIMIZATION_LEVEL = "-Onone";
			};
			name = Debug;
		};
		1F3076781DBECB8C00EE881C /* Release */ = {
			isa = XCBuildConfiguration;
			buildSettings = {
				ALWAYS_SEARCH_USER_PATHS = NO;
				CLANG_ANALYZER_NONNULL = YES;
				CLANG_CXX_LANGUAGE_STANDARD = "gnu++0x";
				CLANG_CXX_LIBRARY = "libc++";
				CLANG_ENABLE_MODULES = YES;
				CLANG_ENABLE_OBJC_ARC = YES;
				CLANG_WARN_BOOL_CONVERSION = YES;
				CLANG_WARN_CONSTANT_CONVERSION = YES;
				CLANG_WARN_DIRECT_OBJC_ISA_USAGE = YES_ERROR;
				CLANG_WARN_DOCUMENTATION_COMMENTS = YES;
				CLANG_WARN_EMPTY_BODY = YES;
				CLANG_WARN_ENUM_CONVERSION = YES;
				CLANG_WARN_INFINITE_RECURSION = YES;
				CLANG_WARN_INT_CONVERSION = YES;
				CLANG_WARN_OBJC_ROOT_CLASS = YES_ERROR;
				CLANG_WARN_SUSPICIOUS_MOVES = YES;
				CLANG_WARN_UNREACHABLE_CODE = YES;
				CLANG_WARN__DUPLICATE_METHOD_MATCH = YES;
				"CODE_SIGN_IDENTITY[sdk=iphoneos*]" = "iPhone Developer";
				COPY_PHASE_STRIP = NO;
				DEBUG_INFORMATION_FORMAT = "dwarf-with-dsym";
				ENABLE_NS_ASSERTIONS = NO;
				ENABLE_STRICT_OBJC_MSGSEND = YES;
				GCC_C_LANGUAGE_STANDARD = gnu99;
				GCC_NO_COMMON_BLOCKS = YES;
				GCC_WARN_64_TO_32_BIT_CONVERSION = YES;
				GCC_WARN_ABOUT_RETURN_TYPE = YES_ERROR;
				GCC_WARN_UNDECLARED_SELECTOR = YES;
				GCC_WARN_UNINITIALIZED_AUTOS = YES_AGGRESSIVE;
				GCC_WARN_UNUSED_FUNCTION = YES;
				GCC_WARN_UNUSED_VARIABLE = YES;
				IPHONEOS_DEPLOYMENT_TARGET = 10.0;
				MTL_ENABLE_DEBUG_INFO = NO;
				SDKROOT = iphoneos;
				SWIFT_OPTIMIZATION_LEVEL = "-Owholemodule";
				VALIDATE_PRODUCT = YES;
			};
			name = Release;
		};
		1F30767A1DBECB8C00EE881C /* Debug */ = {
			isa = XCBuildConfiguration;
			buildSettings = {
				ASSETCATALOG_COMPILER_APPICON_NAME = AppIcon;
				INFOPLIST_FILE = isbn/Info.plist;
				LD_RUNPATH_SEARCH_PATHS = "$(inherited) @executable_path/Frameworks";
				PRODUCT_BUNDLE_IDENTIFIER = brtmbl.com.isbn;
				PRODUCT_NAME = "$(TARGET_NAME)";
				SWIFT_VERSION = 3.0;
			};
			name = Debug;
		};
		1F30767B1DBECB8C00EE881C /* Release */ = {
			isa = XCBuildConfiguration;
			buildSettings = {
				ASSETCATALOG_COMPILER_APPICON_NAME = AppIcon;
				INFOPLIST_FILE = isbn/Info.plist;
				LD_RUNPATH_SEARCH_PATHS = "$(inherited) @executable_path/Frameworks";
				PRODUCT_BUNDLE_IDENTIFIER = brtmbl.com.isbn;
				PRODUCT_NAME = "$(TARGET_NAME)";
				SWIFT_VERSION = 3.0;
			};
			name = Release;
		};
		1F30767D1DBECB8C00EE881C /* Debug */ = {
			isa = XCBuildConfiguration;
			buildSettings = {
				ALWAYS_EMBED_SWIFT_STANDARD_LIBRARIES = YES;
				BUNDLE_LOADER = "$(TEST_HOST)";
				INFOPLIST_FILE = isbnTests/Info.plist;
				LD_RUNPATH_SEARCH_PATHS = "$(inherited) @executable_path/Frameworks @loader_path/Frameworks";
				PRODUCT_BUNDLE_IDENTIFIER = brtmbl.com.isbnTests;
				PRODUCT_NAME = "$(TARGET_NAME)";
				SWIFT_VERSION = 3.0;
				TEST_HOST = "$(BUILT_PRODUCTS_DIR)/isbn.app/isbn";
			};
			name = Debug;
		};
		1F30767E1DBECB8C00EE881C /* Release */ = {
			isa = XCBuildConfiguration;
			buildSettings = {
				ALWAYS_EMBED_SWIFT_STANDARD_LIBRARIES = YES;
				BUNDLE_LOADER = "$(TEST_HOST)";
				INFOPLIST_FILE = isbnTests/Info.plist;
				LD_RUNPATH_SEARCH_PATHS = "$(inherited) @executable_path/Frameworks @loader_path/Frameworks";
				PRODUCT_BUNDLE_IDENTIFIER = brtmbl.com.isbnTests;
				PRODUCT_NAME = "$(TARGET_NAME)";
				SWIFT_VERSION = 3.0;
				TEST_HOST = "$(BUILT_PRODUCTS_DIR)/isbn.app/isbn";
			};
			name = Release;
		};
		1F3076801DBECB8C00EE881C /* Debug */ = {
			isa = XCBuildConfiguration;
			buildSettings = {
				ALWAYS_EMBED_SWIFT_STANDARD_LIBRARIES = YES;
				INFOPLIST_FILE = isbnUITests/Info.plist;
				LD_RUNPATH_SEARCH_PATHS = "$(inherited) @executable_path/Frameworks @loader_path/Frameworks";
				PRODUCT_BUNDLE_IDENTIFIER = brtmbl.com.isbnUITests;
				PRODUCT_NAME = "$(TARGET_NAME)";
				SWIFT_VERSION = 3.0;
				TEST_TARGET_NAME = isbn;
			};
			name = Debug;
		};
		1F3076811DBECB8C00EE881C /* Release */ = {
			isa = XCBuildConfiguration;
			buildSettings = {
				ALWAYS_EMBED_SWIFT_STANDARD_LIBRARIES = YES;
				INFOPLIST_FILE = isbnUITests/Info.plist;
				LD_RUNPATH_SEARCH_PATHS = "$(inherited) @executable_path/Frameworks @loader_path/Frameworks";
				PRODUCT_BUNDLE_IDENTIFIER = brtmbl.com.isbnUITests;
				PRODUCT_NAME = "$(TARGET_NAME)";
				SWIFT_VERSION = 3.0;
				TEST_TARGET_NAME = isbn;
			};
			name = Release;
		};
/* End XCBuildConfiguration section */

/* Begin XCConfigurationList section */
		1F30764C1DBECB8C00EE881C /* Build configuration list for PBXProject "isbn" */ = {
			isa = XCConfigurationList;
			buildConfigurations = (
				1F3076771DBECB8C00EE881C /* Debug */,
				1F3076781DBECB8C00EE881C /* Release */,
			);
			defaultConfigurationIsVisible = 0;
			defaultConfigurationName = Release;
		};
		1F3076791DBECB8C00EE881C /* Build configuration list for PBXNativeTarget "isbn" */ = {
			isa = XCConfigurationList;
			buildConfigurations = (
				1F30767A1DBECB8C00EE881C /* Debug */,
				1F30767B1DBECB8C00EE881C /* Release */,
			);
			defaultConfigurationIsVisible = 0;
			defaultConfigurationName = Release;
		};
		1F30767C1DBECB8C00EE881C /* Build configuration list for PBXNativeTarget "isbnTests" */ = {
			isa = XCConfigurationList;
			buildConfigurations = (
				1F30767D1DBECB8C00EE881C /* Debug */,
				1F30767E1DBECB8C00EE881C /* Release */,
			);
			defaultConfigurationIsVisible = 0;
			defaultConfigurationName = Release;
		};
		1F30767F1DBECB8C00EE881C /* Build configuration list for PBXNativeTarget "isbnUITests" */ = {
			isa = XCConfigurationList;
			buildConfigurations = (
				1F3076801DBECB8C00EE881C /* Debug */,
				1F3076811DBECB8C00EE881C /* Release */,
			);
			defaultConfigurationIsVisible = 0;
			defaultConfigurationName = Release;
		};
/* End XCConfigurationList section */
	};
	rootObject = 1F3076491DBECB8C00EE881C /* Project object */;
}
